
Microsoft Visual Studio Solution File, Format Version 12.00
# Visual Studio 14
VisualStudioVersion = 14.0.25420.1
MinimumVisualStudioVersion = 10.0.40219.1
Project("{FAE04EC0-301F-11D3-BF4B-00C04F79EFBC}") = "MovieSearch", "MovieSearch\MovieSearch\MovieSearch.csproj", "{41D30BB8-6A52-42AB-B63A-AEF005483716}"
EndProject
Project("{FAE04EC0-301F-11D3-BF4B-00C04F79EFBC}") = "MovieSearch.Droid", "MovieSearch\MovieSearch.Droid\MovieSearch.Droid.csproj", "{91369FA9-851E-4421-B898-74C4C91CF412}"
EndProject
Project("{FAE04EC0-301F-11D3-BF4B-00C04F79EFBC}") = "MovieSearch.iOS", "MovieSearch\MovieSearch.iOS\MovieSearch.iOS.csproj", "{2E3B275B-ACF1-4CAC-9B98-189B16AEC7B8}"
EndProject
Project("{FAE04EC0-301F-11D3-BF4B-00C04F79EFBC}") = "MovieSearch.WinPhone", "MovieSearch\MovieSearch.WinPhone\MovieSearch.WinPhone.csproj", "{AC1A5E3F-49AC-4957-A569-23E8CB44087F}"
EndProject
Project("{FAE04EC0-301F-11D3-BF4B-00C04F79EFBC}") = "MovieSearch.UWP", "MovieSearch\MovieSearch.UWP\MovieSearch.UWP.csproj", "{CAE0F70E-BC1A-4EDA-8A22-BFD40FC324D7}"
EndProject
Project("{FAE04EC0-301F-11D3-BF4B-00C04F79EFBC}") = "MovieSearch.Windows", "MovieSearch\MovieSearch.Windows\MovieSearch.Windows.csproj", "{31F5CFF9-EEBD-41C5-B929-3D4EF9F25826}"
EndProject
Global
	GlobalSection(SolutionConfigurationPlatforms) = preSolution
		Ad-Hoc|Any CPU = Ad-Hoc|Any CPU
		Ad-Hoc|ARM = Ad-Hoc|ARM
		Ad-Hoc|iPhone = Ad-Hoc|iPhone
		Ad-Hoc|iPhoneSimulator = Ad-Hoc|iPhoneSimulator
		Ad-Hoc|x64 = Ad-Hoc|x64
		Ad-Hoc|x86 = Ad-Hoc|x86
		AppStore|Any CPU = AppStore|Any CPU
		AppStore|ARM = AppStore|ARM
		AppStore|iPhone = AppStore|iPhone
		AppStore|iPhoneSimulator = AppStore|iPhoneSimulator
		AppStore|x64 = AppStore|x64
		AppStore|x86 = AppStore|x86
		Debug|Any CPU = Debug|Any CPU
		Debug|ARM = Debug|ARM
		Debug|iPhone = Debug|iPhone
		Debug|iPhoneSimulator = Debug|iPhoneSimulator
		Debug|x64 = Debug|x64
		Debug|x86 = Debug|x86
		Release|Any CPU = Release|Any CPU
		Release|ARM = Release|ARM
		Release|iPhone = Release|iPhone
		Release|iPhoneSimulator = Release|iPhoneSimulator
		Release|x64 = Release|x64
		Release|x86 = Release|x86
	EndGlobalSection
	GlobalSection(ProjectConfigurationPlatforms) = postSolution
		{41D30BB8-6A52-42AB-B63A-AEF005483716}.Ad-Hoc|Any CPU.ActiveCfg = Release|Any CPU
		{41D30BB8-6A52-42AB-B63A-AEF005483716}.Ad-Hoc|Any CPU.Build.0 = Release|Any CPU
		{41D30BB8-6A52-42AB-B63A-AEF005483716}.Ad-Hoc|ARM.ActiveCfg = Release|Any CPU
		{41D30BB8-6A52-42AB-B63A-AEF005483716}.Ad-Hoc|ARM.Build.0 = Release|Any CPU
		{41D30BB8-6A52-42AB-B63A-AEF005483716}.Ad-Hoc|iPhone.ActiveCfg = Release|Any CPU
		{41D30BB8-6A52-42AB-B63A-AEF005483716}.Ad-Hoc|iPhone.Build.0 = Release|Any CPU
		{41D30BB8-6A52-42AB-B63A-AEF005483716}.Ad-Hoc|iPhoneSimulator.ActiveCfg = Release|Any CPU
		{41D30BB8-6A52-42AB-B63A-AEF005483716}.Ad-Hoc|iPhoneSimulator.Build.0 = Release|Any CPU
		{41D30BB8-6A52-42AB-B63A-AEF005483716}.Ad-Hoc|x64.ActiveCfg = Release|Any CPU
		{41D30BB8-6A52-42AB-B63A-AEF005483716}.Ad-Hoc|x64.Build.0 = Release|Any CPU
		{41D30BB8-6A52-42AB-B63A-AEF005483716}.Ad-Hoc|x86.ActiveCfg = Release|Any CPU
		{41D30BB8-6A52-42AB-B63A-AEF005483716}.Ad-Hoc|x86.Build.0 = Release|Any CPU
		{41D30BB8-6A52-42AB-B63A-AEF005483716}.AppStore|Any CPU.ActiveCfg = Release|Any CPU
		{41D30BB8-6A52-42AB-B63A-AEF005483716}.AppStore|Any CPU.Build.0 = Release|Any CPU
		{41D30BB8-6A52-42AB-B63A-AEF005483716}.AppStore|ARM.ActiveCfg = Release|Any CPU
		{41D30BB8-6A52-42AB-B63A-AEF005483716}.AppStore|ARM.Build.0 = Release|Any CPU
		{41D30BB8-6A52-42AB-B63A-AEF005483716}.AppStore|iPhone.ActiveCfg = Release|Any CPU
		{41D30BB8-6A52-42AB-B63A-AEF005483716}.AppStore|iPhone.Build.0 = Release|Any CPU
		{41D30BB8-6A52-42AB-B63A-AEF005483716}.AppStore|iPhoneSimulator.ActiveCfg = Release|Any CPU
		{41D30BB8-6A52-42AB-B63A-AEF005483716}.AppStore|iPhoneSimulator.Build.0 = Release|Any CPU
		{41D30BB8-6A52-42AB-B63A-AEF005483716}.AppStore|x64.ActiveCfg = Release|Any CPU
		{41D30BB8-6A52-42AB-B63A-AEF005483716}.AppStore|x64.Build.0 = Release|Any CPU
		{41D30BB8-6A52-42AB-B63A-AEF005483716}.AppStore|x86.ActiveCfg = Release|Any CPU
		{41D30BB8-6A52-42AB-B63A-AEF005483716}.AppStore|x86.Build.0 = Release|Any CPU
		{41D30BB8-6A52-42AB-B63A-AEF005483716}.Debug|Any CPU.ActiveCfg = Debug|Any CPU
		{41D30BB8-6A52-42AB-B63A-AEF005483716}.Debug|Any CPU.Build.0 = Debug|Any CPU
		{41D30BB8-6A52-42AB-B63A-AEF005483716}.Debug|ARM.ActiveCfg = Debug|Any CPU
		{41D30BB8-6A52-42AB-B63A-AEF005483716}.Debug|ARM.Build.0 = Debug|Any CPU
		{41D30BB8-6A52-42AB-B63A-AEF005483716}.Debug|iPhone.ActiveCfg = Debug|Any CPU
		{41D30BB8-6A52-42AB-B63A-AEF005483716}.Debug|iPhone.Build.0 = Debug|Any CPU
		{41D30BB8-6A52-42AB-B63A-AEF005483716}.Debug|iPhoneSimulator.ActiveCfg = Debug|Any CPU
		{41D30BB8-6A52-42AB-B63A-AEF005483716}.Debug|iPhoneSimulator.Build.0 = Debug|Any CPU
		{41D30BB8-6A52-42AB-B63A-AEF005483716}.Debug|x64.ActiveCfg = Debug|Any CPU
		{41D30BB8-6A52-42AB-B63A-AEF005483716}.Debug|x64.Build.0 = Debug|Any CPU
		{41D30BB8-6A52-42AB-B63A-AEF005483716}.Debug|x86.ActiveCfg = Debug|Any CPU
		{41D30BB8-6A52-42AB-B63A-AEF005483716}.Debug|x86.Build.0 = Debug|Any CPU
		{41D30BB8-6A52-42AB-B63A-AEF005483716}.Release|Any CPU.ActiveCfg = Release|Any CPU
		{41D30BB8-6A52-42AB-B63A-AEF005483716}.Release|Any CPU.Build.0 = Release|Any CPU
		{41D30BB8-6A52-42AB-B63A-AEF005483716}.Release|ARM.ActiveCfg = Release|Any CPU
		{41D30BB8-6A52-42AB-B63A-AEF005483716}.Release|ARM.Build.0 = Release|Any CPU
		{41D30BB8-6A52-42AB-B63A-AEF005483716}.Release|iPhone.ActiveCfg = Release|Any CPU
		{41D30BB8-6A52-42AB-B63A-AEF005483716}.Release|iPhone.Build.0 = Release|Any CPU
		{41D30BB8-6A52-42AB-B63A-AEF005483716}.Release|iPhoneSimulator.ActiveCfg = Release|Any CPU
		{41D30BB8-6A52-42AB-B63A-AEF005483716}.Release|iPhoneSimulator.Build.0 = Release|Any CPU
		{41D30BB8-6A52-42AB-B63A-AEF005483716}.Release|x64.ActiveCfg = Release|Any CPU
		{41D30BB8-6A52-42AB-B63A-AEF005483716}.Release|x64.Build.0 = Release|Any CPU
		{41D30BB8-6A52-42AB-B63A-AEF005483716}.Release|x86.ActiveCfg = Release|Any CPU
		{41D30BB8-6A52-42AB-B63A-AEF005483716}.Release|x86.Build.0 = Release|Any CPU
		{91369FA9-851E-4421-B898-74C4C91CF412}.Ad-Hoc|Any CPU.ActiveCfg = Release|Any CPU
		{91369FA9-851E-4421-B898-74C4C91CF412}.Ad-Hoc|Any CPU.Build.0 = Release|Any CPU
		{91369FA9-851E-4421-B898-74C4C91CF412}.Ad-Hoc|Any CPU.Deploy.0 = Release|Any CPU
		{91369FA9-851E-4421-B898-74C4C91CF412}.Ad-Hoc|ARM.ActiveCfg = Release|Any CPU
		{91369FA9-851E-4421-B898-74C4C91CF412}.Ad-Hoc|ARM.Build.0 = Release|Any CPU
		{91369FA9-851E-4421-B898-74C4C91CF412}.Ad-Hoc|ARM.Deploy.0 = Release|Any CPU
		{91369FA9-851E-4421-B898-74C4C91CF412}.Ad-Hoc|iPhone.ActiveCfg = Release|Any CPU
		{91369FA9-851E-4421-B898-74C4C91CF412}.Ad-Hoc|iPhone.Build.0 = Release|Any CPU
		{91369FA9-851E-4421-B898-74C4C91CF412}.Ad-Hoc|iPhone.Deploy.0 = Release|Any CPU
		{91369FA9-851E-4421-B898-74C4C91CF412}.Ad-Hoc|iPhoneSimulator.ActiveCfg = Release|Any CPU
		{91369FA9-851E-4421-B898-74C4C91CF412}.Ad-Hoc|iPhoneSimulator.Build.0 = Release|Any CPU
		{91369FA9-851E-4421-B898-74C4C91CF412}.Ad-Hoc|iPhoneSimulator.Deploy.0 = Release|Any CPU
		{91369FA9-851E-4421-B898-74C4C91CF412}.Ad-Hoc|x64.ActiveCfg = Release|Any CPU
		{91369FA9-851E-4421-B898-74C4C91CF412}.Ad-Hoc|x64.Build.0 = Release|Any CPU
		{91369FA9-851E-4421-B898-74C4C91CF412}.Ad-Hoc|x64.Deploy.0 = Release|Any CPU
		{91369FA9-851E-4421-B898-74C4C91CF412}.Ad-Hoc|x86.ActiveCfg = Release|Any CPU
		{91369FA9-851E-4421-B898-74C4C91CF412}.Ad-Hoc|x86.Build.0 = Release|Any CPU
		{91369FA9-851E-4421-B898-74C4C91CF412}.Ad-Hoc|x86.Deploy.0 = Release|Any CPU
		{91369FA9-851E-4421-B898-74C4C91CF412}.AppStore|Any CPU.ActiveCfg = Release|Any CPU
		{91369FA9-851E-4421-B898-74C4C91CF412}.AppStore|Any CPU.Build.0 = Release|Any CPU
		{91369FA9-851E-4421-B898-74C4C91CF412}.AppStore|Any CPU.Deploy.0 = Release|Any CPU
		{91369FA9-851E-4421-B898-74C4C91CF412}.AppStore|ARM.ActiveCfg = Release|Any CPU
		{91369FA9-851E-4421-B898-74C4C91CF412}.AppStore|ARM.Build.0 = Release|Any CPU
		{91369FA9-851E-4421-B898-74C4C91CF412}.AppStore|ARM.Deploy.0 = Release|Any CPU
		{91369FA9-851E-4421-B898-74C4C91CF412}.AppStore|iPhone.ActiveCfg = Release|Any CPU
		{91369FA9-851E-4421-B898-74C4C91CF412}.AppStore|iPhone.Build.0 = Release|Any CPU
		{91369FA9-851E-4421-B898-74C4C91CF412}.AppStore|iPhone.Deploy.0 = Release|Any CPU
		{91369FA9-851E-4421-B898-74C4C91CF412}.AppStore|iPhoneSimulator.ActiveCfg = Release|Any CPU
		{91369FA9-851E-4421-B898-74C4C91CF412}.AppStore|iPhoneSimulator.Build.0 = Release|Any CPU
		{91369FA9-851E-4421-B898-74C4C91CF412}.AppStore|iPhoneSimulator.Deploy.0 = Release|Any CPU
		{91369FA9-851E-4421-B898-74C4C91CF412}.AppStore|x64.ActiveCfg = Release|Any CPU
		{91369FA9-851E-4421-B898-74C4C91CF412}.AppStore|x64.Build.0 = Release|Any CPU
		{91369FA9-851E-4421-B898-74C4C91CF412}.AppStore|x64.Deploy.0 = Release|Any CPU
		{91369FA9-851E-4421-B898-74C4C91CF412}.AppStore|x86.ActiveCfg = Release|Any CPU
		{91369FA9-851E-4421-B898-74C4C91CF412}.AppStore|x86.Build.0 = Release|Any CPU
		{91369FA9-851E-4421-B898-74C4C91CF412}.AppStore|x86.Deploy.0 = Release|Any CPU
		{91369FA9-851E-4421-B898-74C4C91CF412}.Debug|Any CPU.ActiveCfg = Debug|Any CPU
		{91369FA9-851E-4421-B898-74C4C91CF412}.Debug|Any CPU.Build.0 = Debug|Any CPU
		{91369FA9-851E-4421-B898-74C4C91CF412}.Debug|Any CPU.Deploy.0 = Debug|Any CPU
		{91369FA9-851E-4421-B898-74C4C91CF412}.Debug|ARM.ActiveCfg = Debug|Any CPU
		{91369FA9-851E-4421-B898-74C4C91CF412}.Debug|ARM.Build.0 = Debug|Any CPU
		{91369FA9-851E-4421-B898-74C4C91CF412}.Debug|ARM.Deploy.0 = Debug|Any CPU
		{91369FA9-851E-4421-B898-74C4C91CF412}.Debug|iPhone.ActiveCfg = Debug|Any CPU
		{91369FA9-851E-4421-B898-74C4C91CF412}.Debug|iPhone.Build.0 = Debug|Any CPU
		{91369FA9-851E-4421-B898-74C4C91CF412}.Debug|iPhone.Deploy.0 = Debug|Any CPU
		{91369FA9-851E-4421-B898-74C4C91CF412}.Debug|iPhoneSimulator.ActiveCfg = Debug|Any CPU
		{91369FA9-851E-4421-B898-74C4C91CF412}.Debug|iPhoneSimulator.Build.0 = Debug|Any CPU
		{91369FA9-851E-4421-B898-74C4C91CF412}.Debug|iPhoneSimulator.Deploy.0 = Debug|Any CPU
		{91369FA9-851E-4421-B898-74C4C91CF412}.Debug|x64.ActiveCfg = Debug|Any CPU
		{91369FA9-851E-4421-B898-74C4C91CF412}.Debug|x64.Build.0 = Debug|Any CPU
		{91369FA9-851E-4421-B898-74C4C91CF412}.Debug|x64.Deploy.0 = Debug|Any CPU
		{91369FA9-851E-4421-B898-74C4C91CF412}.Debug|x86.ActiveCfg = Debug|Any CPU
		{91369FA9-851E-4421-B898-74C4C91CF412}.Debug|x86.Build.0 = Debug|Any CPU
		{91369FA9-851E-4421-B898-74C4C91CF412}.Debug|x86.Deploy.0 = Debug|Any CPU
		{91369FA9-851E-4421-B898-74C4C91CF412}.Release|Any CPU.ActiveCfg = Release|Any CPU
		{91369FA9-851E-4421-B898-74C4C91CF412}.Release|Any CPU.Build.0 = Release|Any CPU
		{91369FA9-851E-4421-B898-74C4C91CF412}.Release|Any CPU.Deploy.0 = Release|Any CPU
		{91369FA9-851E-4421-B898-74C4C91CF412}.Release|ARM.ActiveCfg = Release|Any CPU
		{91369FA9-851E-4421-B898-74C4C91CF412}.Release|ARM.Build.0 = Release|Any CPU
		{91369FA9-851E-4421-B898-74C4C91CF412}.Release|ARM.Deploy.0 = Release|Any CPU
		{91369FA9-851E-4421-B898-74C4C91CF412}.Release|iPhone.ActiveCfg = Release|Any CPU
		{91369FA9-851E-4421-B898-74C4C91CF412}.Release|iPhone.Build.0 = Release|Any CPU
		{91369FA9-851E-4421-B898-74C4C91CF412}.Release|iPhone.Deploy.0 = Release|Any CPU
		{91369FA9-851E-4421-B898-74C4C91CF412}.Release|iPhoneSimulator.ActiveCfg = Release|Any CPU
		{91369FA9-851E-4421-B898-74C4C91CF412}.Release|iPhoneSimulator.Build.0 = Release|Any CPU
		{91369FA9-851E-4421-B898-74C4C91CF412}.Release|iPhoneSimulator.Deploy.0 = Release|Any CPU
		{91369FA9-851E-4421-B898-74C4C91CF412}.Release|x64.ActiveCfg = Release|Any CPU
		{91369FA9-851E-4421-B898-74C4C91CF412}.Release|x64.Build.0 = Release|Any CPU
		{91369FA9-851E-4421-B898-74C4C91CF412}.Release|x64.Deploy.0 = Release|Any CPU
		{91369FA9-851E-4421-B898-74C4C91CF412}.Release|x86.ActiveCfg = Release|Any CPU
		{91369FA9-851E-4421-B898-74C4C91CF412}.Release|x86.Build.0 = Release|Any CPU
		{91369FA9-851E-4421-B898-74C4C91CF412}.Release|x86.Deploy.0 = Release|Any CPU
		{2E3B275B-ACF1-4CAC-9B98-189B16AEC7B8}.Ad-Hoc|Any CPU.ActiveCfg = Ad-Hoc|iPhone
		{2E3B275B-ACF1-4CAC-9B98-189B16AEC7B8}.Ad-Hoc|ARM.ActiveCfg = Ad-Hoc|iPhone
		{2E3B275B-ACF1-4CAC-9B98-189B16AEC7B8}.Ad-Hoc|iPhone.ActiveCfg = Ad-Hoc|iPhone
		{2E3B275B-ACF1-4CAC-9B98-189B16AEC7B8}.Ad-Hoc|iPhone.Build.0 = Ad-Hoc|iPhone
		{2E3B275B-ACF1-4CAC-9B98-189B16AEC7B8}.Ad-Hoc|iPhoneSimulator.ActiveCfg = Ad-Hoc|iPhoneSimulator
		{2E3B275B-ACF1-4CAC-9B98-189B16AEC7B8}.Ad-Hoc|iPhoneSimulator.Build.0 = Ad-Hoc|iPhoneSimulator
		{2E3B275B-ACF1-4CAC-9B98-189B16AEC7B8}.Ad-Hoc|x64.ActiveCfg = Ad-Hoc|iPhone
		{2E3B275B-ACF1-4CAC-9B98-189B16AEC7B8}.Ad-Hoc|x86.ActiveCfg = Ad-Hoc|iPhone
		{2E3B275B-ACF1-4CAC-9B98-189B16AEC7B8}.AppStore|Any CPU.ActiveCfg = AppStore|iPhone
		{2E3B275B-ACF1-4CAC-9B98-189B16AEC7B8}.AppStore|ARM.ActiveCfg = AppStore|iPhone
		{2E3B275B-ACF1-4CAC-9B98-189B16AEC7B8}.AppStore|iPhone.ActiveCfg = AppStore|iPhone
		{2E3B275B-ACF1-4CAC-9B98-189B16AEC7B8}.AppStore|iPhone.Build.0 = AppStore|iPhone
		{2E3B275B-ACF1-4CAC-9B98-189B16AEC7B8}.AppStore|iPhoneSimulator.ActiveCfg = AppStore|iPhoneSimulator
		{2E3B275B-ACF1-4CAC-9B98-189B16AEC7B8}.AppStore|iPhoneSimulator.Build.0 = AppStore|iPhoneSimulator
		{2E3B275B-ACF1-4CAC-9B98-189B16AEC7B8}.AppStore|x64.ActiveCfg = AppStore|iPhone
		{2E3B275B-ACF1-4CAC-9B98-189B16AEC7B8}.AppStore|x86.ActiveCfg = AppStore|iPhone
		{2E3B275B-ACF1-4CAC-9B98-189B16AEC7B8}.Debug|Any CPU.ActiveCfg = Debug|iPhone
		{2E3B275B-ACF1-4CAC-9B98-189B16AEC7B8}.Debug|ARM.ActiveCfg = Debug|iPhone
		{2E3B275B-ACF1-4CAC-9B98-189B16AEC7B8}.Debug|iPhone.ActiveCfg = Debug|iPhone
		{2E3B275B-ACF1-4CAC-9B98-189B16AEC7B8}.Debug|iPhone.Build.0 = Debug|iPhone
		{2E3B275B-ACF1-4CAC-9B98-189B16AEC7B8}.Debug|iPhoneSimulator.ActiveCfg = Debug|iPhoneSimulator
		{2E3B275B-ACF1-4CAC-9B98-189B16AEC7B8}.Debug|iPhoneSimulator.Build.0 = Debug|iPhoneSimulator
		{2E3B275B-ACF1-4CAC-9B98-189B16AEC7B8}.Debug|x64.ActiveCfg = Debug|iPhone
		{2E3B275B-ACF1-4CAC-9B98-189B16AEC7B8}.Debug|x86.ActiveCfg = Debug|iPhone
		{2E3B275B-ACF1-4CAC-9B98-189B16AEC7B8}.Release|Any CPU.ActiveCfg = Release|iPhone
		{2E3B275B-ACF1-4CAC-9B98-189B16AEC7B8}.Release|ARM.ActiveCfg = Release|iPhone
		{2E3B275B-ACF1-4CAC-9B98-189B16AEC7B8}.Release|iPhone.ActiveCfg = Release|iPhone
		{2E3B275B-ACF1-4CAC-9B98-189B16AEC7B8}.Release|iPhone.Build.0 = Release|iPhone
		{2E3B275B-ACF1-4CAC-9B98-189B16AEC7B8}.Release|iPhoneSimulator.ActiveCfg = Release|iPhoneSimulator
		{2E3B275B-ACF1-4CAC-9B98-189B16AEC7B8}.Release|iPhoneSimulator.Build.0 = Release|iPhoneSimulator
		{2E3B275B-ACF1-4CAC-9B98-189B16AEC7B8}.Release|x64.ActiveCfg = Release|iPhone
		{2E3B275B-ACF1-4CAC-9B98-189B16AEC7B8}.Release|x86.ActiveCfg = Release|iPhone
		{AC1A5E3F-49AC-4957-A569-23E8CB44087F}.Ad-Hoc|Any CPU.ActiveCfg = Release|Any CPU
		{AC1A5E3F-49AC-4957-A569-23E8CB44087F}.Ad-Hoc|Any CPU.Build.0 = Release|Any CPU
		{AC1A5E3F-49AC-4957-A569-23E8CB44087F}.Ad-Hoc|Any CPU.Deploy.0 = Release|Any CPU
		{AC1A5E3F-49AC-4957-A569-23E8CB44087F}.Ad-Hoc|ARM.ActiveCfg = Release|ARM
		{AC1A5E3F-49AC-4957-A569-23E8CB44087F}.Ad-Hoc|ARM.Build.0 = Release|ARM
		{AC1A5E3F-49AC-4957-A569-23E8CB44087F}.Ad-Hoc|ARM.Deploy.0 = Release|ARM
		{AC1A5E3F-49AC-4957-A569-23E8CB44087F}.Ad-Hoc|iPhone.ActiveCfg = Release|Any CPU
		{AC1A5E3F-49AC-4957-A569-23E8CB44087F}.Ad-Hoc|iPhone.Build.0 = Release|Any CPU
		{AC1A5E3F-49AC-4957-A569-23E8CB44087F}.Ad-Hoc|iPhone.Deploy.0 = Release|Any CPU
		{AC1A5E3F-49AC-4957-A569-23E8CB44087F}.Ad-Hoc|iPhoneSimulator.ActiveCfg = Release|Any CPU
		{AC1A5E3F-49AC-4957-A569-23E8CB44087F}.Ad-Hoc|iPhoneSimulator.Build.0 = Release|Any CPU
		{AC1A5E3F-49AC-4957-A569-23E8CB44087F}.Ad-Hoc|iPhoneSimulator.Deploy.0 = Release|Any CPU
		{AC1A5E3F-49AC-4957-A569-23E8CB44087F}.Ad-Hoc|x64.ActiveCfg = Release|Any CPU
		{AC1A5E3F-49AC-4957-A569-23E8CB44087F}.Ad-Hoc|x64.Build.0 = Release|Any CPU
		{AC1A5E3F-49AC-4957-A569-23E8CB44087F}.Ad-Hoc|x64.Deploy.0 = Release|Any CPU
		{AC1A5E3F-49AC-4957-A569-23E8CB44087F}.Ad-Hoc|x86.ActiveCfg = Release|x86
		{AC1A5E3F-49AC-4957-A569-23E8CB44087F}.Ad-Hoc|x86.Build.0 = Release|x86
		{AC1A5E3F-49AC-4957-A569-23E8CB44087F}.Ad-Hoc|x86.Deploy.0 = Release|x86
		{AC1A5E3F-49AC-4957-A569-23E8CB44087F}.AppStore|Any CPU.ActiveCfg = Release|Any CPU
		{AC1A5E3F-49AC-4957-A569-23E8CB44087F}.AppStore|Any CPU.Build.0 = Release|Any CPU
		{AC1A5E3F-49AC-4957-A569-23E8CB44087F}.AppStore|Any CPU.Deploy.0 = Release|Any CPU
		{AC1A5E3F-49AC-4957-A569-23E8CB44087F}.AppStore|ARM.ActiveCfg = Release|ARM
		{AC1A5E3F-49AC-4957-A569-23E8CB44087F}.AppStore|ARM.Build.0 = Release|ARM
		{AC1A5E3F-49AC-4957-A569-23E8CB44087F}.AppStore|ARM.Deploy.0 = Release|ARM
		{AC1A5E3F-49AC-4957-A569-23E8CB44087F}.AppStore|iPhone.ActiveCfg = Release|Any CPU
		{AC1A5E3F-49AC-4957-A569-23E8CB44087F}.AppStore|iPhone.Build.0 = Release|Any CPU
		{AC1A5E3F-49AC-4957-A569-23E8CB44087F}.AppStore|iPhone.Deploy.0 = Release|Any CPU
		{AC1A5E3F-49AC-4957-A569-23E8CB44087F}.AppStore|iPhoneSimulator.ActiveCfg = Release|Any CPU
		{AC1A5E3F-49AC-4957-A569-23E8CB44087F}.AppStore|iPhoneSimulator.Build.0 = Release|Any CPU
		{AC1A5E3F-49AC-4957-A569-23E8CB44087F}.AppStore|iPhoneSimulator.Deploy.0 = Release|Any CPU
		{AC1A5E3F-49AC-4957-A569-23E8CB44087F}.AppStore|x64.ActiveCfg = Release|Any CPU
		{AC1A5E3F-49AC-4957-A569-23E8CB44087F}.AppStore|x64.Build.0 = Release|Any CPU
		{AC1A5E3F-49AC-4957-A569-23E8CB44087F}.AppStore|x64.Deploy.0 = Release|Any CPU
		{AC1A5E3F-49AC-4957-A569-23E8CB44087F}.AppStore|x86.ActiveCfg = Release|x86
		{AC1A5E3F-49AC-4957-A569-23E8CB44087F}.AppStore|x86.Build.0 = Release|x86
		{AC1A5E3F-49AC-4957-A569-23E8CB44087F}.AppStore|x86.Deploy.0 = Release|x86
		{AC1A5E3F-49AC-4957-A569-23E8CB44087F}.Debug|Any CPU.ActiveCfg = Debug|Any CPU
		{AC1A5E3F-49AC-4957-A569-23E8CB44087F}.Debug|Any CPU.Build.0 = Debug|Any CPU
		{AC1A5E3F-49AC-4957-A569-23E8CB44087F}.Debug|Any CPU.Deploy.0 = Debug|Any CPU
		{AC1A5E3F-49AC-4957-A569-23E8CB44087F}.Debug|ARM.ActiveCfg = Debug|ARM
		{AC1A5E3F-49AC-4957-A569-23E8CB44087F}.Debug|ARM.Build.0 = Debug|ARM
		{AC1A5E3F-49AC-4957-A569-23E8CB44087F}.Debug|ARM.Deploy.0 = Debug|ARM
		{AC1A5E3F-49AC-4957-A569-23E8CB44087F}.Debug|iPhone.ActiveCfg = Debug|Any CPU
		{AC1A5E3F-49AC-4957-A569-23E8CB44087F}.Debug|iPhoneSimulator.ActiveCfg = Debug|Any CPU
		{AC1A5E3F-49AC-4957-A569-23E8CB44087F}.Debug|iPhoneSimulator.Build.0 = Debug|Any CPU
		{AC1A5E3F-49AC-4957-A569-23E8CB44087F}.Debug|iPhoneSimulator.Deploy.0 = Debug|Any CPU
		{AC1A5E3F-49AC-4957-A569-23E8CB44087F}.Debug|x64.ActiveCfg = Debug|Any CPU
		{AC1A5E3F-49AC-4957-A569-23E8CB44087F}.Debug|x64.Build.0 = Debug|Any CPU
		{AC1A5E3F-49AC-4957-A569-23E8CB44087F}.Debug|x64.Deploy.0 = Debug|Any CPU
		{AC1A5E3F-49AC-4957-A569-23E8CB44087F}.Debug|x86.ActiveCfg = Debug|x86
		{AC1A5E3F-49AC-4957-A569-23E8CB44087F}.Debug|x86.Build.0 = Debug|x86
		{AC1A5E3F-49AC-4957-A569-23E8CB44087F}.Debug|x86.Deploy.0 = Debug|x86
		{AC1A5E3F-49AC-4957-A569-23E8CB44087F}.Release|Any CPU.ActiveCfg = Release|Any CPU
		{AC1A5E3F-49AC-4957-A569-23E8CB44087F}.Release|Any CPU.Build.0 = Release|Any CPU
		{AC1A5E3F-49AC-4957-A569-23E8CB44087F}.Release|Any CPU.Deploy.0 = Release|Any CPU
		{AC1A5E3F-49AC-4957-A569-23E8CB44087F}.Release|ARM.ActiveCfg = Release|ARM
		{AC1A5E3F-49AC-4957-A569-23E8CB44087F}.Release|ARM.Build.0 = Release|ARM
		{AC1A5E3F-49AC-4957-A569-23E8CB44087F}.Release|ARM.Deploy.0 = Release|ARM
		{AC1A5E3F-49AC-4957-A569-23E8CB44087F}.Release|iPhone.ActiveCfg = Release|Any CPU
		{AC1A5E3F-49AC-4957-A569-23E8CB44087F}.Release|iPhone.Build.0 = Release|Any CPU
		{AC1A5E3F-49AC-4957-A569-23E8CB44087F}.Release|iPhone.Deploy.0 = Release|Any CPU
		{AC1A5E3F-49AC-4957-A569-23E8CB44087F}.Release|iPhoneSimulator.ActiveCfg = Release|Any CPU
		{AC1A5E3F-49AC-4957-A569-23E8CB44087F}.Release|iPhoneSimulator.Build.0 = Release|Any CPU
		{AC1A5E3F-49AC-4957-A569-23E8CB44087F}.Release|iPhoneSimulator.Deploy.0 = Release|Any CPU
		{AC1A5E3F-49AC-4957-A569-23E8CB44087F}.Release|x64.ActiveCfg = Release|Any CPU
		{AC1A5E3F-49AC-4957-A569-23E8CB44087F}.Release|x64.Build.0 = Release|Any CPU
		{AC1A5E3F-49AC-4957-A569-23E8CB44087F}.Release|x64.Deploy.0 = Release|Any CPU
		{AC1A5E3F-49AC-4957-A569-23E8CB44087F}.Release|x86.ActiveCfg = Release|x86
		{AC1A5E3F-49AC-4957-A569-23E8CB44087F}.Release|x86.Build.0 = Release|x86
		{AC1A5E3F-49AC-4957-A569-23E8CB44087F}.Release|x86.Deploy.0 = Release|x86
		{CAE0F70E-BC1A-4EDA-8A22-BFD40FC324D7}.Ad-Hoc|Any CPU.ActiveCfg = Release|x86
		{CAE0F70E-BC1A-4EDA-8A22-BFD40FC324D7}.Ad-Hoc|Any CPU.Build.0 = Release|x86
		{CAE0F70E-BC1A-4EDA-8A22-BFD40FC324D7}.Ad-Hoc|Any CPU.Deploy.0 = Release|x86
		{CAE0F70E-BC1A-4EDA-8A22-BFD40FC324D7}.Ad-Hoc|ARM.ActiveCfg = Release|ARM
		{CAE0F70E-BC1A-4EDA-8A22-BFD40FC324D7}.Ad-Hoc|ARM.Build.0 = Release|ARM
		{CAE0F70E-BC1A-4EDA-8A22-BFD40FC324D7}.Ad-Hoc|ARM.Deploy.0 = Release|ARM
		{CAE0F70E-BC1A-4EDA-8A22-BFD40FC324D7}.Ad-Hoc|iPhone.ActiveCfg = Release|x86
		{CAE0F70E-BC1A-4EDA-8A22-BFD40FC324D7}.Ad-Hoc|iPhone.Build.0 = Release|x86
		{CAE0F70E-BC1A-4EDA-8A22-BFD40FC324D7}.Ad-Hoc|iPhone.Deploy.0 = Release|x86
		{CAE0F70E-BC1A-4EDA-8A22-BFD40FC324D7}.Ad-Hoc|iPhoneSimulator.ActiveCfg = Release|x86
		{CAE0F70E-BC1A-4EDA-8A22-BFD40FC324D7}.Ad-Hoc|iPhoneSimulator.Build.0 = Release|x86
		{CAE0F70E-BC1A-4EDA-8A22-BFD40FC324D7}.Ad-Hoc|iPhoneSimulator.Deploy.0 = Release|x86
		{CAE0F70E-BC1A-4EDA-8A22-BFD40FC324D7}.Ad-Hoc|x64.ActiveCfg = Release|x64
		{CAE0F70E-BC1A-4EDA-8A22-BFD40FC324D7}.Ad-Hoc|x64.Build.0 = Release|x64
		{CAE0F70E-BC1A-4EDA-8A22-BFD40FC324D7}.Ad-Hoc|x64.Deploy.0 = Release|x64
		{CAE0F70E-BC1A-4EDA-8A22-BFD40FC324D7}.Ad-Hoc|x86.ActiveCfg = Release|x86
		{CAE0F70E-BC1A-4EDA-8A22-BFD40FC324D7}.Ad-Hoc|x86.Build.0 = Release|x86
		{CAE0F70E-BC1A-4EDA-8A22-BFD40FC324D7}.Ad-Hoc|x86.Deploy.0 = Release|x86
		{CAE0F70E-BC1A-4EDA-8A22-BFD40FC324D7}.AppStore|Any CPU.ActiveCfg = Release|x86
		{CAE0F70E-BC1A-4EDA-8A22-BFD40FC324D7}.AppStore|Any CPU.Build.0 = Release|x86
		{CAE0F70E-BC1A-4EDA-8A22-BFD40FC324D7}.AppStore|Any CPU.Deploy.0 = Release|x86
		{CAE0F70E-BC1A-4EDA-8A22-BFD40FC324D7}.AppStore|ARM.ActiveCfg = Release|ARM
		{CAE0F70E-BC1A-4EDA-8A22-BFD40FC324D7}.AppStore|ARM.Build.0 = Release|ARM
		{CAE0F70E-BC1A-4EDA-8A22-BFD40FC324D7}.AppStore|ARM.Deploy.0 = Release|ARM
		{CAE0F70E-BC1A-4EDA-8A22-BFD40FC324D7}.AppStore|iPhone.ActiveCfg = Release|x86
		{CAE0F70E-BC1A-4EDA-8A22-BFD40FC324D7}.AppStore|iPhone.Build.0 = Release|x86
		{CAE0F70E-BC1A-4EDA-8A22-BFD40FC324D7}.AppStore|iPhone.Deploy.0 = Release|x86
		{CAE0F70E-BC1A-4EDA-8A22-BFD40FC324D7}.AppStore|iPhoneSimulator.ActiveCfg = Release|x86
		{CAE0F70E-BC1A-4EDA-8A22-BFD40FC324D7}.AppStore|iPhoneSimulator.Build.0 = Release|x86
		{CAE0F70E-BC1A-4EDA-8A22-BFD40FC324D7}.AppStore|iPhoneSimulator.Deploy.0 = Release|x86
		{CAE0F70E-BC1A-4EDA-8A22-BFD40FC324D7}.AppStore|x64.ActiveCfg = Release|x64
		{CAE0F70E-BC1A-4EDA-8A22-BFD40FC324D7}.AppStore|x64.Build.0 = Release|x64
		{CAE0F70E-BC1A-4EDA-8A22-BFD40FC324D7}.AppStore|x64.Deploy.0 = Release|x64
		{CAE0F70E-BC1A-4EDA-8A22-BFD40FC324D7}.AppStore|x86.ActiveCfg = Release|x86
		{CAE0F70E-BC1A-4EDA-8A22-BFD40FC324D7}.AppStore|x86.Build.0 = Release|x86
		{CAE0F70E-BC1A-4EDA-8A22-BFD40FC324D7}.AppStore|x86.Deploy.0 = Release|x86
		{CAE0F70E-BC1A-4EDA-8A22-BFD40FC324D7}.Debug|Any CPU.ActiveCfg = Debug|x86
		{CAE0F70E-BC1A-4EDA-8A22-BFD40FC324D7}.Debug|ARM.ActiveCfg = Debug|ARM
		{CAE0F70E-BC1A-4EDA-8A22-BFD40FC324D7}.Debug|ARM.Build.0 = Debug|ARM
		{CAE0F70E-BC1A-4EDA-8A22-BFD40FC324D7}.Debug|ARM.Deploy.0 = Debug|ARM
		{CAE0F70E-BC1A-4EDA-8A22-BFD40FC324D7}.Debug|iPhone.ActiveCfg = Debug|x86
		{CAE0F70E-BC1A-4EDA-8A22-BFD40FC324D7}.Debug|iPhone.Build.0 = Debug|x86
		{CAE0F70E-BC1A-4EDA-8A22-BFD40FC324D7}.Debug|iPhone.Deploy.0 = Debug|x86
		{CAE0F70E-BC1A-4EDA-8A22-BFD40FC324D7}.Debug|iPhoneSimulator.ActiveCfg = Debug|x86
		{CAE0F70E-BC1A-4EDA-8A22-BFD40FC324D7}.Debug|x64.ActiveCfg = Debug|x64
		{CAE0F70E-BC1A-4EDA-8A22-BFD40FC324D7}.Debug|x64.Build.0 = Debug|x64
		{CAE0F70E-BC1A-4EDA-8A22-BFD40FC324D7}.Debug|x64.Deploy.0 = Debug|x64
		{CAE0F70E-BC1A-4EDA-8A22-BFD40FC324D7}.Debug|x86.ActiveCfg = Debug|x86
		{CAE0F70E-BC1A-4EDA-8A22-BFD40FC324D7}.Debug|x86.Build.0 = Debug|x86
		{CAE0F70E-BC1A-4EDA-8A22-BFD40FC324D7}.Debug|x86.Deploy.0 = Debug|x86
		{CAE0F70E-BC1A-4EDA-8A22-BFD40FC324D7}.Release|Any CPU.ActiveCfg = Release|x86
		{CAE0F70E-BC1A-4EDA-8A22-BFD40FC324D7}.Release|ARM.ActiveCfg = Release|ARM
		{CAE0F70E-BC1A-4EDA-8A22-BFD40FC324D7}.Release|ARM.Build.0 = Release|ARM
		{CAE0F70E-BC1A-4EDA-8A22-BFD40FC324D7}.Release|ARM.Deploy.0 = Release|ARM
		{CAE0F70E-BC1A-4EDA-8A22-BFD40FC324D7}.Release|iPhone.ActiveCfg = Release|x86
		{CAE0F70E-BC1A-4EDA-8A22-BFD40FC324D7}.Release|iPhoneSimulator.ActiveCfg = Release|x86
		{CAE0F70E-BC1A-4EDA-8A22-BFD40FC324D7}.Release|x64.ActiveCfg = Release|x64
		{CAE0F70E-BC1A-4EDA-8A22-BFD40FC324D7}.Release|x64.Build.0 = Release|x64
		{CAE0F70E-BC1A-4EDA-8A22-BFD40FC324D7}.Release|x64.Deploy.0 = Release|x64
		{CAE0F70E-BC1A-4EDA-8A22-BFD40FC324D7}.Release|x86.ActiveCfg = Release|x86
		{CAE0F70E-BC1A-4EDA-8A22-BFD40FC324D7}.Release|x86.Build.0 = Release|x86
		{CAE0F70E-BC1A-4EDA-8A22-BFD40FC324D7}.Release|x86.Deploy.0 = Release|x86
		{31F5CFF9-EEBD-41C5-B929-3D4EF9F25826}.Ad-Hoc|Any CPU.ActiveCfg = Release|Any CPU
		{31F5CFF9-EEBD-41C5-B929-3D4EF9F25826}.Ad-Hoc|Any CPU.Build.0 = Release|Any CPU
		{31F5CFF9-EEBD-41C5-B929-3D4EF9F25826}.Ad-Hoc|Any CPU.Deploy.0 = Release|Any CPU
		{31F5CFF9-EEBD-41C5-B929-3D4EF9F25826}.Ad-Hoc|ARM.ActiveCfg = Release|ARM
		{31F5CFF9-EEBD-41C5-B929-3D4EF9F25826}.Ad-Hoc|ARM.Build.0 = Release|ARM
		{31F5CFF9-EEBD-41C5-B929-3D4EF9F25826}.Ad-Hoc|ARM.Deploy.0 = Release|ARM
		{31F5CFF9-EEBD-41C5-B929-3D4EF9F25826}.Ad-Hoc|iPhone.ActiveCfg = Release|Any CPU
		{31F5CFF9-EEBD-41C5-B929-3D4EF9F25826}.Ad-Hoc|iPhone.Build.0 = Release|Any CPU
		{31F5CFF9-EEBD-41C5-B929-3D4EF9F25826}.Ad-Hoc|iPhone.Deploy.0 = Release|Any CPU
		{31F5CFF9-EEBD-41C5-B929-3D4EF9F25826}.Ad-Hoc|iPhoneSimulator.ActiveCfg = Release|Any CPU
		{31F5CFF9-EEBD-41C5-B929-3D4EF9F25826}.Ad-Hoc|iPhoneSimulator.Build.0 = Release|Any CPU
		{31F5CFF9-EEBD-41C5-B929-3D4EF9F25826}.Ad-Hoc|iPhoneSimulator.Deploy.0 = Release|Any CPU
		{31F5CFF9-EEBD-41C5-B929-3D4EF9F25826}.Ad-Hoc|x64.ActiveCfg = Release|x64
		{31F5CFF9-EEBD-41C5-B929-3D4EF9F25826}.Ad-Hoc|x64.Build.0 = Release|x64
		{31F5CFF9-EEBD-41C5-B929-3D4EF9F25826}.Ad-Hoc|x64.Deploy.0 = Release|x64
		{31F5CFF9-EEBD-41C5-B929-3D4EF9F25826}.Ad-Hoc|x86.ActiveCfg = Release|x86
		{31F5CFF9-EEBD-41C5-B929-3D4EF9F25826}.Ad-Hoc|x86.Build.0 = Release|x86
		{31F5CFF9-EEBD-41C5-B929-3D4EF9F25826}.Ad-Hoc|x86.Deploy.0 = Release|x86
		{31F5CFF9-EEBD-41C5-B929-3D4EF9F25826}.AppStore|Any CPU.ActiveCfg = Release|Any CPU
		{31F5CFF9-EEBD-41C5-B929-3D4EF9F25826}.AppStore|Any CPU.Build.0 = Release|Any CPU
		{31F5CFF9-EEBD-41C5-B929-3D4EF9F25826}.AppStore|Any CPU.Deploy.0 = Release|Any CPU
		{31F5CFF9-EEBD-41C5-B929-3D4EF9F25826}.AppStore|ARM.ActiveCfg = Release|ARM
		{31F5CFF9-EEBD-41C5-B929-3D4EF9F25826}.AppStore|ARM.Build.0 = Release|ARM
		{31F5CFF9-EEBD-41C5-B929-3D4EF9F25826}.AppStore|ARM.Deploy.0 = Release|ARM
		{31F5CFF9-EEBD-41C5-B929-3D4EF9F25826}.AppStore|iPhone.ActiveCfg = Release|Any CPU
		{31F5CFF9-EEBD-41C5-B929-3D4EF9F25826}.AppStore|iPhone.Build.0 = Release|Any CPU
		{31F5CFF9-EEBD-41C5-B929-3D4EF9F25826}.AppStore|iPhone.Deploy.0 = Release|Any CPU
		{31F5CFF9-EEBD-41C5-B929-3D4EF9F25826}.AppStore|iPhoneSimulator.ActiveCfg = Release|Any CPU
		{31F5CFF9-EEBD-41C5-B929-3D4EF9F25826}.AppStore|iPhoneSimulator.Build.0 = Release|Any CPU
		{31F5CFF9-EEBD-41C5-B929-3D4EF9F25826}.AppStore|iPhoneSimulator.Deploy.0 = Release|Any CPU
		{31F5CFF9-EEBD-41C5-B929-3D4EF9F25826}.AppStore|x64.ActiveCfg = Release|x64
		{31F5CFF9-EEBD-41C5-B929-3D4EF9F25826}.AppStore|x64.Build.0 = Release|x64
		{31F5CFF9-EEBD-41C5-B929-3D4EF9F25826}.AppStore|x64.Deploy.0 = Release|x64
		{31F5CFF9-EEBD-41C5-B929-3D4EF9F25826}.AppStore|x86.ActiveCfg = Release|x86
		{31F5CFF9-EEBD-41C5-B929-3D4EF9F25826}.AppStore|x86.Build.0 = Release|x86
		{31F5CFF9-EEBD-41C5-B929-3D4EF9F25826}.AppStore|x86.Deploy.0 = Release|x86
		{31F5CFF9-EEBD-41C5-B929-3D4EF9F25826}.Debug|Any CPU.ActiveCfg = Debug|Any CPU
		{31F5CFF9-EEBD-41C5-B929-3D4EF9F25826}.Debug|Any CPU.Build.0 = Debug|Any CPU
		{31F5CFF9-EEBD-41C5-B929-3D4EF9F25826}.Debug|Any CPU.Deploy.0 = Debug|Any CPU
		{31F5CFF9-EEBD-41C5-B929-3D4EF9F25826}.Debug|ARM.ActiveCfg = Debug|ARM
		{31F5CFF9-EEBD-41C5-B929-3D4EF9F25826}.Debug|ARM.Build.0 = Debug|ARM
		{31F5CFF9-EEBD-41C5-B929-3D4EF9F25826}.Debug|ARM.Deploy.0 = Debug|ARM
		{31F5CFF9-EEBD-41C5-B929-3D4EF9F25826}.Debug|iPhone.ActiveCfg = Debug|Any CPU
		{31F5CFF9-EEBD-41C5-B929-3D4EF9F25826}.Debug|iPhoneSimulator.ActiveCfg = Debug|Any CPU
		{31F5CFF9-EEBD-41C5-B929-3D4EF9F25826}.Debug|iPhoneSimulator.Build.0 = Debug|Any CPU
		{31F5CFF9-EEBD-41C5-B929-3D4EF9F25826}.Debug|iPhoneSimulator.Deploy.0 = Debug|Any CPU
		{31F5CFF9-EEBD-41C5-B929-3D4EF9F25826}.Debug|x64.ActiveCfg = Debug|x64
		{31F5CFF9-EEBD-41C5-B929-3D4EF9F25826}.Debug|x64.Build.0 = Debug|x64
		{31F5CFF9-EEBD-41C5-B929-3D4EF9F25826}.Debug|x64.Deploy.0 = Debug|x64
		{31F5CFF9-EEBD-41C5-B929-3D4EF9F25826}.Debug|x86.ActiveCfg = Debug|x86
		{31F5CFF9-EEBD-41C5-B929-3D4EF9F25826}.Debug|x86.Build.0 = Debug|x86
		{31F5CFF9-EEBD-41C5-B929-3D4EF9F25826}.Debug|x86.Deploy.0 = Debug|x86
		{31F5CFF9-EEBD-41C5-B929-3D4EF9F25826}.Release|Any CPU.ActiveCfg = Release|Any CPU
		{31F5CFF9-EEBD-41C5-B929-3D4EF9F25826}.Release|Any CPU.Build.0 = Release|Any CPU
		{31F5CFF9-EEBD-41C5-B929-3D4EF9F25826}.Release|Any CPU.Deploy.0 = Release|Any CPU
		{31F5CFF9-EEBD-41C5-B929-3D4EF9F25826}.Release|ARM.ActiveCfg = Release|ARM
		{31F5CFF9-EEBD-41C5-B929-3D4EF9F25826}.Release|ARM.Build.0 = Release|ARM
		{31F5CFF9-EEBD-41C5-B929-3D4EF9F25826}.Release|ARM.Deploy.0 = Release|ARM
		{31F5CFF9-EEBD-41C5-B929-3D4EF9F25826}.Release|iPhone.ActiveCfg = Release|Any CPU
		{31F5CFF9-EEBD-41C5-B929-3D4EF9F25826}.Release|iPhone.Build.0 = Release|Any CPU
		{31F5CFF9-EEBD-41C5-B929-3D4EF9F25826}.Release|iPhone.Deploy.0 = Release|Any CPU
		{31F5CFF9-EEBD-41C5-B929-3D4EF9F25826}.Release|iPhoneSimulator.ActiveCfg = Release|Any CPU
		{31F5CFF9-EEBD-41C5-B929-3D4EF9F25826}.Release|iPhoneSimulator.Build.0 = Release|Any CPU
		{31F5CFF9-EEBD-41C5-B929-3D4EF9F25826}.Release|iPhoneSimulator.Deploy.0 = Release|Any CPU
		{31F5CFF9-EEBD-41C5-B929-3D4EF9F25826}.Release|x64.ActiveCfg = Release|x64
		{31F5CFF9-EEBD-41C5-B929-3D4EF9F25826}.Release|x64.Build.0 = Release|x64
		{31F5CFF9-EEBD-41C5-B929-3D4EF9F25826}.Release|x64.Deploy.0 = Release|x64
		{31F5CFF9-EEBD-41C5-B929-3D4EF9F25826}.Release|x86.ActiveCfg = Release|x86
		{31F5CFF9-EEBD-41C5-B929-3D4EF9F25826}.Release|x86.Build.0 = Release|x86
		{31F5CFF9-EEBD-41C5-B929-3D4EF9F25826}.Release|x86.Deploy.0 = Release|x86
	EndGlobalSection
	GlobalSection(SolutionProperties) = preSolution
		HideSolutionNode = FALSE
	EndGlobalSection
EndGlobal
