
Microsoft Visual Studio Solution File, Format Version 12.00
# Visual Studio 14
VisualStudioVersion = 14.0.25420.1
MinimumVisualStudioVersion = 10.0.40219.1
Project("{FAE04EC0-301F-11D3-BF4B-00C04F79EFBC}") = "MovieDatabase", "MovieDatabase\MovieDatabase\MovieDatabase.csproj", "{BFB8339C-C8CA-481A-94A7-FA2D0C8EAAEF}"
EndProject
Project("{FAE04EC0-301F-11D3-BF4B-00C04F79EFBC}") = "MovieDatabase.Droid", "MovieDatabase\MovieDatabase.Droid\MovieDatabase.Droid.csproj", "{D7463A2D-B4FD-4C3C-804F-5EC4FBCB6533}"
EndProject
Project("{FAE04EC0-301F-11D3-BF4B-00C04F79EFBC}") = "MovieDatabase.iOS", "MovieDatabase\MovieDatabase.iOS\MovieDatabase.iOS.csproj", "{AF9B3B88-E042-438E-80C2-04CDCEA11BCD}"
EndProject
Project("{FAE04EC0-301F-11D3-BF4B-00C04F79EFBC}") = "MovieDatabase.WinPhone", "MovieDatabase\MovieDatabase.WinPhone\MovieDatabase.WinPhone.csproj", "{B15B365D-B2E3-4FA1-84D9-DDE4C2D58475}"
EndProject
Project("{FAE04EC0-301F-11D3-BF4B-00C04F79EFBC}") = "MovieDatabase.Windows", "MovieDatabase\MovieDatabase.Windows\MovieDatabase.Windows.csproj", "{C852B0D2-0CB5-4690-8B48-AA6C7EAF9DD5}"
EndProject
Global
	GlobalSection(SolutionConfigurationPlatforms) = preSolution
		Ad-Hoc|Any CPU = Ad-Hoc|Any CPU
		Ad-Hoc|ARM = Ad-Hoc|ARM
		Ad-Hoc|iPhone = Ad-Hoc|iPhone
		Ad-Hoc|iPhoneSimulator = Ad-Hoc|iPhoneSimulator
		Ad-Hoc|x64 = Ad-Hoc|x64
		Ad-Hoc|x86 = Ad-Hoc|x86
		AppStore|Any CPU = AppStore|Any CPU
		AppStore|ARM = AppStore|ARM
		AppStore|iPhone = AppStore|iPhone
		AppStore|iPhoneSimulator = AppStore|iPhoneSimulator
		AppStore|x64 = AppStore|x64
		AppStore|x86 = AppStore|x86
		Debug|Any CPU = Debug|Any CPU
		Debug|ARM = Debug|ARM
		Debug|iPhone = Debug|iPhone
		Debug|iPhoneSimulator = Debug|iPhoneSimulator
		Debug|x64 = Debug|x64
		Debug|x86 = Debug|x86
		Release|Any CPU = Release|Any CPU
		Release|ARM = Release|ARM
		Release|iPhone = Release|iPhone
		Release|iPhoneSimulator = Release|iPhoneSimulator
		Release|x64 = Release|x64
		Release|x86 = Release|x86
	EndGlobalSection
	GlobalSection(ProjectConfigurationPlatforms) = postSolution
		{BFB8339C-C8CA-481A-94A7-FA2D0C8EAAEF}.Ad-Hoc|Any CPU.ActiveCfg = Release|Any CPU
		{BFB8339C-C8CA-481A-94A7-FA2D0C8EAAEF}.Ad-Hoc|Any CPU.Build.0 = Release|Any CPU
		{BFB8339C-C8CA-481A-94A7-FA2D0C8EAAEF}.Ad-Hoc|ARM.ActiveCfg = Release|Any CPU
		{BFB8339C-C8CA-481A-94A7-FA2D0C8EAAEF}.Ad-Hoc|ARM.Build.0 = Release|Any CPU
		{BFB8339C-C8CA-481A-94A7-FA2D0C8EAAEF}.Ad-Hoc|iPhone.ActiveCfg = Release|Any CPU
		{BFB8339C-C8CA-481A-94A7-FA2D0C8EAAEF}.Ad-Hoc|iPhone.Build.0 = Release|Any CPU
		{BFB8339C-C8CA-481A-94A7-FA2D0C8EAAEF}.Ad-Hoc|iPhoneSimulator.ActiveCfg = Release|Any CPU
		{BFB8339C-C8CA-481A-94A7-FA2D0C8EAAEF}.Ad-Hoc|iPhoneSimulator.Build.0 = Release|Any CPU
		{BFB8339C-C8CA-481A-94A7-FA2D0C8EAAEF}.Ad-Hoc|x64.ActiveCfg = Release|Any CPU
		{BFB8339C-C8CA-481A-94A7-FA2D0C8EAAEF}.Ad-Hoc|x64.Build.0 = Release|Any CPU
		{BFB8339C-C8CA-481A-94A7-FA2D0C8EAAEF}.Ad-Hoc|x86.ActiveCfg = Release|Any CPU
		{BFB8339C-C8CA-481A-94A7-FA2D0C8EAAEF}.Ad-Hoc|x86.Build.0 = Release|Any CPU
		{BFB8339C-C8CA-481A-94A7-FA2D0C8EAAEF}.AppStore|Any CPU.ActiveCfg = Release|Any CPU
		{BFB8339C-C8CA-481A-94A7-FA2D0C8EAAEF}.AppStore|Any CPU.Build.0 = Release|Any CPU
		{BFB8339C-C8CA-481A-94A7-FA2D0C8EAAEF}.AppStore|ARM.ActiveCfg = Release|Any CPU
		{BFB8339C-C8CA-481A-94A7-FA2D0C8EAAEF}.AppStore|ARM.Build.0 = Release|Any CPU
		{BFB8339C-C8CA-481A-94A7-FA2D0C8EAAEF}.AppStore|iPhone.ActiveCfg = Release|Any CPU
		{BFB8339C-C8CA-481A-94A7-FA2D0C8EAAEF}.AppStore|iPhone.Build.0 = Release|Any CPU
		{BFB8339C-C8CA-481A-94A7-FA2D0C8EAAEF}.AppStore|iPhoneSimulator.ActiveCfg = Release|Any CPU
		{BFB8339C-C8CA-481A-94A7-FA2D0C8EAAEF}.AppStore|iPhoneSimulator.Build.0 = Release|Any CPU
		{BFB8339C-C8CA-481A-94A7-FA2D0C8EAAEF}.AppStore|x64.ActiveCfg = Release|Any CPU
		{BFB8339C-C8CA-481A-94A7-FA2D0C8EAAEF}.AppStore|x64.Build.0 = Release|Any CPU
		{BFB8339C-C8CA-481A-94A7-FA2D0C8EAAEF}.AppStore|x86.ActiveCfg = Release|Any CPU
		{BFB8339C-C8CA-481A-94A7-FA2D0C8EAAEF}.AppStore|x86.Build.0 = Release|Any CPU
		{BFB8339C-C8CA-481A-94A7-FA2D0C8EAAEF}.Debug|Any CPU.ActiveCfg = Debug|Any CPU
		{BFB8339C-C8CA-481A-94A7-FA2D0C8EAAEF}.Debug|Any CPU.Build.0 = Debug|Any CPU
		{BFB8339C-C8CA-481A-94A7-FA2D0C8EAAEF}.Debug|ARM.ActiveCfg = Debug|Any CPU
		{BFB8339C-C8CA-481A-94A7-FA2D0C8EAAEF}.Debug|ARM.Build.0 = Debug|Any CPU
		{BFB8339C-C8CA-481A-94A7-FA2D0C8EAAEF}.Debug|iPhone.ActiveCfg = Debug|Any CPU
		{BFB8339C-C8CA-481A-94A7-FA2D0C8EAAEF}.Debug|iPhone.Build.0 = Debug|Any CPU
		{BFB8339C-C8CA-481A-94A7-FA2D0C8EAAEF}.Debug|iPhoneSimulator.ActiveCfg = Debug|Any CPU
		{BFB8339C-C8CA-481A-94A7-FA2D0C8EAAEF}.Debug|iPhoneSimulator.Build.0 = Debug|Any CPU
		{BFB8339C-C8CA-481A-94A7-FA2D0C8EAAEF}.Debug|x64.ActiveCfg = Debug|Any CPU
		{BFB8339C-C8CA-481A-94A7-FA2D0C8EAAEF}.Debug|x64.Build.0 = Debug|Any CPU
		{BFB8339C-C8CA-481A-94A7-FA2D0C8EAAEF}.Debug|x86.ActiveCfg = Debug|Any CPU
		{BFB8339C-C8CA-481A-94A7-FA2D0C8EAAEF}.Debug|x86.Build.0 = Debug|Any CPU
		{BFB8339C-C8CA-481A-94A7-FA2D0C8EAAEF}.Release|Any CPU.ActiveCfg = Release|Any CPU
		{BFB8339C-C8CA-481A-94A7-FA2D0C8EAAEF}.Release|Any CPU.Build.0 = Release|Any CPU
		{BFB8339C-C8CA-481A-94A7-FA2D0C8EAAEF}.Release|ARM.ActiveCfg = Release|Any CPU
		{BFB8339C-C8CA-481A-94A7-FA2D0C8EAAEF}.Release|ARM.Build.0 = Release|Any CPU
		{BFB8339C-C8CA-481A-94A7-FA2D0C8EAAEF}.Release|iPhone.ActiveCfg = Release|Any CPU
		{BFB8339C-C8CA-481A-94A7-FA2D0C8EAAEF}.Release|iPhone.Build.0 = Release|Any CPU
		{BFB8339C-C8CA-481A-94A7-FA2D0C8EAAEF}.Release|iPhoneSimulator.ActiveCfg = Release|Any CPU
		{BFB8339C-C8CA-481A-94A7-FA2D0C8EAAEF}.Release|iPhoneSimulator.Build.0 = Release|Any CPU
		{BFB8339C-C8CA-481A-94A7-FA2D0C8EAAEF}.Release|x64.ActiveCfg = Release|Any CPU
		{BFB8339C-C8CA-481A-94A7-FA2D0C8EAAEF}.Release|x64.Build.0 = Release|Any CPU
		{BFB8339C-C8CA-481A-94A7-FA2D0C8EAAEF}.Release|x86.ActiveCfg = Release|Any CPU
		{BFB8339C-C8CA-481A-94A7-FA2D0C8EAAEF}.Release|x86.Build.0 = Release|Any CPU
		{D7463A2D-B4FD-4C3C-804F-5EC4FBCB6533}.Ad-Hoc|Any CPU.ActiveCfg = Release|Any CPU
		{D7463A2D-B4FD-4C3C-804F-5EC4FBCB6533}.Ad-Hoc|Any CPU.Build.0 = Release|Any CPU
		{D7463A2D-B4FD-4C3C-804F-5EC4FBCB6533}.Ad-Hoc|Any CPU.Deploy.0 = Release|Any CPU
		{D7463A2D-B4FD-4C3C-804F-5EC4FBCB6533}.Ad-Hoc|ARM.ActiveCfg = Release|Any CPU
		{D7463A2D-B4FD-4C3C-804F-5EC4FBCB6533}.Ad-Hoc|ARM.Build.0 = Release|Any CPU
		{D7463A2D-B4FD-4C3C-804F-5EC4FBCB6533}.Ad-Hoc|ARM.Deploy.0 = Release|Any CPU
		{D7463A2D-B4FD-4C3C-804F-5EC4FBCB6533}.Ad-Hoc|iPhone.ActiveCfg = Release|Any CPU
		{D7463A2D-B4FD-4C3C-804F-5EC4FBCB6533}.Ad-Hoc|iPhone.Build.0 = Release|Any CPU
		{D7463A2D-B4FD-4C3C-804F-5EC4FBCB6533}.Ad-Hoc|iPhone.Deploy.0 = Release|Any CPU
		{D7463A2D-B4FD-4C3C-804F-5EC4FBCB6533}.Ad-Hoc|iPhoneSimulator.ActiveCfg = Release|Any CPU
		{D7463A2D-B4FD-4C3C-804F-5EC4FBCB6533}.Ad-Hoc|iPhoneSimulator.Build.0 = Release|Any CPU
		{D7463A2D-B4FD-4C3C-804F-5EC4FBCB6533}.Ad-Hoc|iPhoneSimulator.Deploy.0 = Release|Any CPU
		{D7463A2D-B4FD-4C3C-804F-5EC4FBCB6533}.Ad-Hoc|x64.ActiveCfg = Release|Any CPU
		{D7463A2D-B4FD-4C3C-804F-5EC4FBCB6533}.Ad-Hoc|x64.Build.0 = Release|Any CPU
		{D7463A2D-B4FD-4C3C-804F-5EC4FBCB6533}.Ad-Hoc|x64.Deploy.0 = Release|Any CPU
		{D7463A2D-B4FD-4C3C-804F-5EC4FBCB6533}.Ad-Hoc|x86.ActiveCfg = Release|Any CPU
		{D7463A2D-B4FD-4C3C-804F-5EC4FBCB6533}.Ad-Hoc|x86.Build.0 = Release|Any CPU
		{D7463A2D-B4FD-4C3C-804F-5EC4FBCB6533}.Ad-Hoc|x86.Deploy.0 = Release|Any CPU
		{D7463A2D-B4FD-4C3C-804F-5EC4FBCB6533}.AppStore|Any CPU.ActiveCfg = Release|Any CPU
		{D7463A2D-B4FD-4C3C-804F-5EC4FBCB6533}.AppStore|Any CPU.Build.0 = Release|Any CPU
		{D7463A2D-B4FD-4C3C-804F-5EC4FBCB6533}.AppStore|Any CPU.Deploy.0 = Release|Any CPU
		{D7463A2D-B4FD-4C3C-804F-5EC4FBCB6533}.AppStore|ARM.ActiveCfg = Release|Any CPU
		{D7463A2D-B4FD-4C3C-804F-5EC4FBCB6533}.AppStore|ARM.Build.0 = Release|Any CPU
		{D7463A2D-B4FD-4C3C-804F-5EC4FBCB6533}.AppStore|ARM.Deploy.0 = Release|Any CPU
		{D7463A2D-B4FD-4C3C-804F-5EC4FBCB6533}.AppStore|iPhone.ActiveCfg = Release|Any CPU
		{D7463A2D-B4FD-4C3C-804F-5EC4FBCB6533}.AppStore|iPhone.Build.0 = Release|Any CPU
		{D7463A2D-B4FD-4C3C-804F-5EC4FBCB6533}.AppStore|iPhone.Deploy.0 = Release|Any CPU
		{D7463A2D-B4FD-4C3C-804F-5EC4FBCB6533}.AppStore|iPhoneSimulator.ActiveCfg = Release|Any CPU
		{D7463A2D-B4FD-4C3C-804F-5EC4FBCB6533}.AppStore|iPhoneSimulator.Build.0 = Release|Any CPU
		{D7463A2D-B4FD-4C3C-804F-5EC4FBCB6533}.AppStore|iPhoneSimulator.Deploy.0 = Release|Any CPU
		{D7463A2D-B4FD-4C3C-804F-5EC4FBCB6533}.AppStore|x64.ActiveCfg = Release|Any CPU
		{D7463A2D-B4FD-4C3C-804F-5EC4FBCB6533}.AppStore|x64.Build.0 = Release|Any CPU
		{D7463A2D-B4FD-4C3C-804F-5EC4FBCB6533}.AppStore|x64.Deploy.0 = Release|Any CPU
		{D7463A2D-B4FD-4C3C-804F-5EC4FBCB6533}.AppStore|x86.ActiveCfg = Release|Any CPU
		{D7463A2D-B4FD-4C3C-804F-5EC4FBCB6533}.AppStore|x86.Build.0 = Release|Any CPU
		{D7463A2D-B4FD-4C3C-804F-5EC4FBCB6533}.AppStore|x86.Deploy.0 = Release|Any CPU
		{D7463A2D-B4FD-4C3C-804F-5EC4FBCB6533}.Debug|Any CPU.ActiveCfg = Debug|Any CPU
		{D7463A2D-B4FD-4C3C-804F-5EC4FBCB6533}.Debug|Any CPU.Build.0 = Debug|Any CPU
		{D7463A2D-B4FD-4C3C-804F-5EC4FBCB6533}.Debug|Any CPU.Deploy.0 = Debug|Any CPU
		{D7463A2D-B4FD-4C3C-804F-5EC4FBCB6533}.Debug|ARM.ActiveCfg = Debug|Any CPU
		{D7463A2D-B4FD-4C3C-804F-5EC4FBCB6533}.Debug|ARM.Build.0 = Debug|Any CPU
		{D7463A2D-B4FD-4C3C-804F-5EC4FBCB6533}.Debug|ARM.Deploy.0 = Debug|Any CPU
		{D7463A2D-B4FD-4C3C-804F-5EC4FBCB6533}.Debug|iPhone.ActiveCfg = Debug|Any CPU
		{D7463A2D-B4FD-4C3C-804F-5EC4FBCB6533}.Debug|iPhone.Build.0 = Debug|Any CPU
		{D7463A2D-B4FD-4C3C-804F-5EC4FBCB6533}.Debug|iPhone.Deploy.0 = Debug|Any CPU
		{D7463A2D-B4FD-4C3C-804F-5EC4FBCB6533}.Debug|iPhoneSimulator.ActiveCfg = Debug|Any CPU
		{D7463A2D-B4FD-4C3C-804F-5EC4FBCB6533}.Debug|iPhoneSimulator.Build.0 = Debug|Any CPU
		{D7463A2D-B4FD-4C3C-804F-5EC4FBCB6533}.Debug|iPhoneSimulator.Deploy.0 = Debug|Any CPU
		{D7463A2D-B4FD-4C3C-804F-5EC4FBCB6533}.Debug|x64.ActiveCfg = Debug|Any CPU
		{D7463A2D-B4FD-4C3C-804F-5EC4FBCB6533}.Debug|x64.Build.0 = Debug|Any CPU
		{D7463A2D-B4FD-4C3C-804F-5EC4FBCB6533}.Debug|x64.Deploy.0 = Debug|Any CPU
		{D7463A2D-B4FD-4C3C-804F-5EC4FBCB6533}.Debug|x86.ActiveCfg = Debug|Any CPU
		{D7463A2D-B4FD-4C3C-804F-5EC4FBCB6533}.Debug|x86.Build.0 = Debug|Any CPU
		{D7463A2D-B4FD-4C3C-804F-5EC4FBCB6533}.Debug|x86.Deploy.0 = Debug|Any CPU
		{D7463A2D-B4FD-4C3C-804F-5EC4FBCB6533}.Release|Any CPU.ActiveCfg = Release|Any CPU
		{D7463A2D-B4FD-4C3C-804F-5EC4FBCB6533}.Release|Any CPU.Build.0 = Release|Any CPU
		{D7463A2D-B4FD-4C3C-804F-5EC4FBCB6533}.Release|Any CPU.Deploy.0 = Release|Any CPU
		{D7463A2D-B4FD-4C3C-804F-5EC4FBCB6533}.Release|ARM.ActiveCfg = Release|Any CPU
		{D7463A2D-B4FD-4C3C-804F-5EC4FBCB6533}.Release|ARM.Build.0 = Release|Any CPU
		{D7463A2D-B4FD-4C3C-804F-5EC4FBCB6533}.Release|ARM.Deploy.0 = Release|Any CPU
		{D7463A2D-B4FD-4C3C-804F-5EC4FBCB6533}.Release|iPhone.ActiveCfg = Release|Any CPU
		{D7463A2D-B4FD-4C3C-804F-5EC4FBCB6533}.Release|iPhone.Build.0 = Release|Any CPU
		{D7463A2D-B4FD-4C3C-804F-5EC4FBCB6533}.Release|iPhone.Deploy.0 = Release|Any CPU
		{D7463A2D-B4FD-4C3C-804F-5EC4FBCB6533}.Release|iPhoneSimulator.ActiveCfg = Release|Any CPU
		{D7463A2D-B4FD-4C3C-804F-5EC4FBCB6533}.Release|iPhoneSimulator.Build.0 = Release|Any CPU
		{D7463A2D-B4FD-4C3C-804F-5EC4FBCB6533}.Release|iPhoneSimulator.Deploy.0 = Release|Any CPU
		{D7463A2D-B4FD-4C3C-804F-5EC4FBCB6533}.Release|x64.ActiveCfg = Release|Any CPU
		{D7463A2D-B4FD-4C3C-804F-5EC4FBCB6533}.Release|x64.Build.0 = Release|Any CPU
		{D7463A2D-B4FD-4C3C-804F-5EC4FBCB6533}.Release|x64.Deploy.0 = Release|Any CPU
		{D7463A2D-B4FD-4C3C-804F-5EC4FBCB6533}.Release|x86.ActiveCfg = Release|Any CPU
		{D7463A2D-B4FD-4C3C-804F-5EC4FBCB6533}.Release|x86.Build.0 = Release|Any CPU
		{D7463A2D-B4FD-4C3C-804F-5EC4FBCB6533}.Release|x86.Deploy.0 = Release|Any CPU
		{AF9B3B88-E042-438E-80C2-04CDCEA11BCD}.Ad-Hoc|Any CPU.ActiveCfg = Ad-Hoc|iPhone
		{AF9B3B88-E042-438E-80C2-04CDCEA11BCD}.Ad-Hoc|ARM.ActiveCfg = Ad-Hoc|iPhone
		{AF9B3B88-E042-438E-80C2-04CDCEA11BCD}.Ad-Hoc|iPhone.ActiveCfg = Ad-Hoc|iPhone
		{AF9B3B88-E042-438E-80C2-04CDCEA11BCD}.Ad-Hoc|iPhone.Build.0 = Ad-Hoc|iPhone
		{AF9B3B88-E042-438E-80C2-04CDCEA11BCD}.Ad-Hoc|iPhoneSimulator.ActiveCfg = Ad-Hoc|iPhoneSimulator
		{AF9B3B88-E042-438E-80C2-04CDCEA11BCD}.Ad-Hoc|iPhoneSimulator.Build.0 = Ad-Hoc|iPhoneSimulator
		{AF9B3B88-E042-438E-80C2-04CDCEA11BCD}.Ad-Hoc|x64.ActiveCfg = Ad-Hoc|iPhone
		{AF9B3B88-E042-438E-80C2-04CDCEA11BCD}.Ad-Hoc|x86.ActiveCfg = Ad-Hoc|iPhone
		{AF9B3B88-E042-438E-80C2-04CDCEA11BCD}.AppStore|Any CPU.ActiveCfg = AppStore|iPhone
		{AF9B3B88-E042-438E-80C2-04CDCEA11BCD}.AppStore|ARM.ActiveCfg = AppStore|iPhone
		{AF9B3B88-E042-438E-80C2-04CDCEA11BCD}.AppStore|iPhone.ActiveCfg = AppStore|iPhone
		{AF9B3B88-E042-438E-80C2-04CDCEA11BCD}.AppStore|iPhone.Build.0 = AppStore|iPhone
		{AF9B3B88-E042-438E-80C2-04CDCEA11BCD}.AppStore|iPhoneSimulator.ActiveCfg = AppStore|iPhoneSimulator
		{AF9B3B88-E042-438E-80C2-04CDCEA11BCD}.AppStore|iPhoneSimulator.Build.0 = AppStore|iPhoneSimulator
		{AF9B3B88-E042-438E-80C2-04CDCEA11BCD}.AppStore|x64.ActiveCfg = AppStore|iPhone
		{AF9B3B88-E042-438E-80C2-04CDCEA11BCD}.AppStore|x86.ActiveCfg = AppStore|iPhone
		{AF9B3B88-E042-438E-80C2-04CDCEA11BCD}.Debug|Any CPU.ActiveCfg = Debug|iPhone
		{AF9B3B88-E042-438E-80C2-04CDCEA11BCD}.Debug|ARM.ActiveCfg = Debug|iPhone
		{AF9B3B88-E042-438E-80C2-04CDCEA11BCD}.Debug|iPhone.ActiveCfg = Debug|iPhone
		{AF9B3B88-E042-438E-80C2-04CDCEA11BCD}.Debug|iPhone.Build.0 = Debug|iPhone
		{AF9B3B88-E042-438E-80C2-04CDCEA11BCD}.Debug|iPhoneSimulator.ActiveCfg = Debug|iPhoneSimulator
		{AF9B3B88-E042-438E-80C2-04CDCEA11BCD}.Debug|iPhoneSimulator.Build.0 = Debug|iPhoneSimulator
		{AF9B3B88-E042-438E-80C2-04CDCEA11BCD}.Debug|x64.ActiveCfg = Debug|iPhone
		{AF9B3B88-E042-438E-80C2-04CDCEA11BCD}.Debug|x86.ActiveCfg = Debug|iPhone
		{AF9B3B88-E042-438E-80C2-04CDCEA11BCD}.Release|Any CPU.ActiveCfg = Release|iPhone
		{AF9B3B88-E042-438E-80C2-04CDCEA11BCD}.Release|ARM.ActiveCfg = Release|iPhone
		{AF9B3B88-E042-438E-80C2-04CDCEA11BCD}.Release|iPhone.ActiveCfg = Release|iPhone
		{AF9B3B88-E042-438E-80C2-04CDCEA11BCD}.Release|iPhone.Build.0 = Release|iPhone
		{AF9B3B88-E042-438E-80C2-04CDCEA11BCD}.Release|iPhoneSimulator.ActiveCfg = Release|iPhoneSimulator
		{AF9B3B88-E042-438E-80C2-04CDCEA11BCD}.Release|iPhoneSimulator.Build.0 = Release|iPhoneSimulator
		{AF9B3B88-E042-438E-80C2-04CDCEA11BCD}.Release|x64.ActiveCfg = Release|iPhone
		{AF9B3B88-E042-438E-80C2-04CDCEA11BCD}.Release|x86.ActiveCfg = Release|iPhone
		{B15B365D-B2E3-4FA1-84D9-DDE4C2D58475}.Ad-Hoc|Any CPU.ActiveCfg = Release|Any CPU
		{B15B365D-B2E3-4FA1-84D9-DDE4C2D58475}.Ad-Hoc|Any CPU.Build.0 = Release|Any CPU
		{B15B365D-B2E3-4FA1-84D9-DDE4C2D58475}.Ad-Hoc|Any CPU.Deploy.0 = Release|Any CPU
		{B15B365D-B2E3-4FA1-84D9-DDE4C2D58475}.Ad-Hoc|ARM.ActiveCfg = Release|ARM
		{B15B365D-B2E3-4FA1-84D9-DDE4C2D58475}.Ad-Hoc|ARM.Build.0 = Release|ARM
		{B15B365D-B2E3-4FA1-84D9-DDE4C2D58475}.Ad-Hoc|ARM.Deploy.0 = Release|ARM
		{B15B365D-B2E3-4FA1-84D9-DDE4C2D58475}.Ad-Hoc|iPhone.ActiveCfg = Release|Any CPU
		{B15B365D-B2E3-4FA1-84D9-DDE4C2D58475}.Ad-Hoc|iPhone.Build.0 = Release|Any CPU
		{B15B365D-B2E3-4FA1-84D9-DDE4C2D58475}.Ad-Hoc|iPhone.Deploy.0 = Release|Any CPU
		{B15B365D-B2E3-4FA1-84D9-DDE4C2D58475}.Ad-Hoc|iPhoneSimulator.ActiveCfg = Release|Any CPU
		{B15B365D-B2E3-4FA1-84D9-DDE4C2D58475}.Ad-Hoc|iPhoneSimulator.Build.0 = Release|Any CPU
		{B15B365D-B2E3-4FA1-84D9-DDE4C2D58475}.Ad-Hoc|iPhoneSimulator.Deploy.0 = Release|Any CPU
		{B15B365D-B2E3-4FA1-84D9-DDE4C2D58475}.Ad-Hoc|x64.ActiveCfg = Release|Any CPU
		{B15B365D-B2E3-4FA1-84D9-DDE4C2D58475}.Ad-Hoc|x64.Build.0 = Release|Any CPU
		{B15B365D-B2E3-4FA1-84D9-DDE4C2D58475}.Ad-Hoc|x64.Deploy.0 = Release|Any CPU
		{B15B365D-B2E3-4FA1-84D9-DDE4C2D58475}.Ad-Hoc|x86.ActiveCfg = Release|x86
		{B15B365D-B2E3-4FA1-84D9-DDE4C2D58475}.Ad-Hoc|x86.Build.0 = Release|x86
		{B15B365D-B2E3-4FA1-84D9-DDE4C2D58475}.Ad-Hoc|x86.Deploy.0 = Release|x86
		{B15B365D-B2E3-4FA1-84D9-DDE4C2D58475}.AppStore|Any CPU.ActiveCfg = Release|Any CPU
		{B15B365D-B2E3-4FA1-84D9-DDE4C2D58475}.AppStore|Any CPU.Build.0 = Release|Any CPU
		{B15B365D-B2E3-4FA1-84D9-DDE4C2D58475}.AppStore|Any CPU.Deploy.0 = Release|Any CPU
		{B15B365D-B2E3-4FA1-84D9-DDE4C2D58475}.AppStore|ARM.ActiveCfg = Release|ARM
		{B15B365D-B2E3-4FA1-84D9-DDE4C2D58475}.AppStore|ARM.Build.0 = Release|ARM
		{B15B365D-B2E3-4FA1-84D9-DDE4C2D58475}.AppStore|ARM.Deploy.0 = Release|ARM
		{B15B365D-B2E3-4FA1-84D9-DDE4C2D58475}.AppStore|iPhone.ActiveCfg = Release|Any CPU
		{B15B365D-B2E3-4FA1-84D9-DDE4C2D58475}.AppStore|iPhone.Build.0 = Release|Any CPU
		{B15B365D-B2E3-4FA1-84D9-DDE4C2D58475}.AppStore|iPhone.Deploy.0 = Release|Any CPU
		{B15B365D-B2E3-4FA1-84D9-DDE4C2D58475}.AppStore|iPhoneSimulator.ActiveCfg = Release|Any CPU
		{B15B365D-B2E3-4FA1-84D9-DDE4C2D58475}.AppStore|iPhoneSimulator.Build.0 = Release|Any CPU
		{B15B365D-B2E3-4FA1-84D9-DDE4C2D58475}.AppStore|iPhoneSimulator.Deploy.0 = Release|Any CPU
		{B15B365D-B2E3-4FA1-84D9-DDE4C2D58475}.AppStore|x64.ActiveCfg = Release|Any CPU
		{B15B365D-B2E3-4FA1-84D9-DDE4C2D58475}.AppStore|x64.Build.0 = Release|Any CPU
		{B15B365D-B2E3-4FA1-84D9-DDE4C2D58475}.AppStore|x64.Deploy.0 = Release|Any CPU
		{B15B365D-B2E3-4FA1-84D9-DDE4C2D58475}.AppStore|x86.ActiveCfg = Release|x86
		{B15B365D-B2E3-4FA1-84D9-DDE4C2D58475}.AppStore|x86.Build.0 = Release|x86
		{B15B365D-B2E3-4FA1-84D9-DDE4C2D58475}.AppStore|x86.Deploy.0 = Release|x86
		{B15B365D-B2E3-4FA1-84D9-DDE4C2D58475}.Debug|Any CPU.ActiveCfg = Debug|Any CPU
		{B15B365D-B2E3-4FA1-84D9-DDE4C2D58475}.Debug|Any CPU.Build.0 = Debug|Any CPU
		{B15B365D-B2E3-4FA1-84D9-DDE4C2D58475}.Debug|Any CPU.Deploy.0 = Debug|Any CPU
		{B15B365D-B2E3-4FA1-84D9-DDE4C2D58475}.Debug|ARM.ActiveCfg = Debug|ARM
		{B15B365D-B2E3-4FA1-84D9-DDE4C2D58475}.Debug|ARM.Build.0 = Debug|ARM
		{B15B365D-B2E3-4FA1-84D9-DDE4C2D58475}.Debug|ARM.Deploy.0 = Debug|ARM
		{B15B365D-B2E3-4FA1-84D9-DDE4C2D58475}.Debug|iPhone.ActiveCfg = Debug|Any CPU
		{B15B365D-B2E3-4FA1-84D9-DDE4C2D58475}.Debug|iPhone.Build.0 = Debug|Any CPU
		{B15B365D-B2E3-4FA1-84D9-DDE4C2D58475}.Debug|iPhone.Deploy.0 = Debug|Any CPU
		{B15B365D-B2E3-4FA1-84D9-DDE4C2D58475}.Debug|iPhoneSimulator.ActiveCfg = Debug|Any CPU
		{B15B365D-B2E3-4FA1-84D9-DDE4C2D58475}.Debug|iPhoneSimulator.Build.0 = Debug|Any CPU
		{B15B365D-B2E3-4FA1-84D9-DDE4C2D58475}.Debug|iPhoneSimulator.Deploy.0 = Debug|Any CPU
		{B15B365D-B2E3-4FA1-84D9-DDE4C2D58475}.Debug|x64.ActiveCfg = Debug|Any CPU
		{B15B365D-B2E3-4FA1-84D9-DDE4C2D58475}.Debug|x64.Build.0 = Debug|Any CPU
		{B15B365D-B2E3-4FA1-84D9-DDE4C2D58475}.Debug|x64.Deploy.0 = Debug|Any CPU
		{B15B365D-B2E3-4FA1-84D9-DDE4C2D58475}.Debug|x86.ActiveCfg = Debug|x86
		{B15B365D-B2E3-4FA1-84D9-DDE4C2D58475}.Debug|x86.Build.0 = Debug|x86
		{B15B365D-B2E3-4FA1-84D9-DDE4C2D58475}.Debug|x86.Deploy.0 = Debug|x86
		{B15B365D-B2E3-4FA1-84D9-DDE4C2D58475}.Release|Any CPU.ActiveCfg = Release|Any CPU
		{B15B365D-B2E3-4FA1-84D9-DDE4C2D58475}.Release|Any CPU.Build.0 = Release|Any CPU
		{B15B365D-B2E3-4FA1-84D9-DDE4C2D58475}.Release|Any CPU.Deploy.0 = Release|Any CPU
		{B15B365D-B2E3-4FA1-84D9-DDE4C2D58475}.Release|ARM.ActiveCfg = Release|ARM
		{B15B365D-B2E3-4FA1-84D9-DDE4C2D58475}.Release|ARM.Build.0 = Release|ARM
		{B15B365D-B2E3-4FA1-84D9-DDE4C2D58475}.Release|ARM.Deploy.0 = Release|ARM
		{B15B365D-B2E3-4FA1-84D9-DDE4C2D58475}.Release|iPhone.ActiveCfg = Release|Any CPU
		{B15B365D-B2E3-4FA1-84D9-DDE4C2D58475}.Release|iPhone.Build.0 = Release|Any CPU
		{B15B365D-B2E3-4FA1-84D9-DDE4C2D58475}.Release|iPhone.Deploy.0 = Release|Any CPU
		{B15B365D-B2E3-4FA1-84D9-DDE4C2D58475}.Release|iPhoneSimulator.ActiveCfg = Release|Any CPU
		{B15B365D-B2E3-4FA1-84D9-DDE4C2D58475}.Release|iPhoneSimulator.Build.0 = Release|Any CPU
		{B15B365D-B2E3-4FA1-84D9-DDE4C2D58475}.Release|iPhoneSimulator.Deploy.0 = Release|Any CPU
		{B15B365D-B2E3-4FA1-84D9-DDE4C2D58475}.Release|x64.ActiveCfg = Release|Any CPU
		{B15B365D-B2E3-4FA1-84D9-DDE4C2D58475}.Release|x64.Build.0 = Release|Any CPU
		{B15B365D-B2E3-4FA1-84D9-DDE4C2D58475}.Release|x64.Deploy.0 = Release|Any CPU
		{B15B365D-B2E3-4FA1-84D9-DDE4C2D58475}.Release|x86.ActiveCfg = Release|x86
		{B15B365D-B2E3-4FA1-84D9-DDE4C2D58475}.Release|x86.Build.0 = Release|x86
		{B15B365D-B2E3-4FA1-84D9-DDE4C2D58475}.Release|x86.Deploy.0 = Release|x86
		{C852B0D2-0CB5-4690-8B48-AA6C7EAF9DD5}.Ad-Hoc|Any CPU.ActiveCfg = Release|Any CPU
		{C852B0D2-0CB5-4690-8B48-AA6C7EAF9DD5}.Ad-Hoc|Any CPU.Build.0 = Release|Any CPU
		{C852B0D2-0CB5-4690-8B48-AA6C7EAF9DD5}.Ad-Hoc|Any CPU.Deploy.0 = Release|Any CPU
		{C852B0D2-0CB5-4690-8B48-AA6C7EAF9DD5}.Ad-Hoc|ARM.ActiveCfg = Release|ARM
		{C852B0D2-0CB5-4690-8B48-AA6C7EAF9DD5}.Ad-Hoc|ARM.Build.0 = Release|ARM
		{C852B0D2-0CB5-4690-8B48-AA6C7EAF9DD5}.Ad-Hoc|ARM.Deploy.0 = Release|ARM
		{C852B0D2-0CB5-4690-8B48-AA6C7EAF9DD5}.Ad-Hoc|iPhone.ActiveCfg = Release|Any CPU
		{C852B0D2-0CB5-4690-8B48-AA6C7EAF9DD5}.Ad-Hoc|iPhone.Build.0 = Release|Any CPU
		{C852B0D2-0CB5-4690-8B48-AA6C7EAF9DD5}.Ad-Hoc|iPhone.Deploy.0 = Release|Any CPU
		{C852B0D2-0CB5-4690-8B48-AA6C7EAF9DD5}.Ad-Hoc|iPhoneSimulator.ActiveCfg = Release|Any CPU
		{C852B0D2-0CB5-4690-8B48-AA6C7EAF9DD5}.Ad-Hoc|iPhoneSimulator.Build.0 = Release|Any CPU
		{C852B0D2-0CB5-4690-8B48-AA6C7EAF9DD5}.Ad-Hoc|iPhoneSimulator.Deploy.0 = Release|Any CPU
		{C852B0D2-0CB5-4690-8B48-AA6C7EAF9DD5}.Ad-Hoc|x64.ActiveCfg = Release|x64
		{C852B0D2-0CB5-4690-8B48-AA6C7EAF9DD5}.Ad-Hoc|x64.Build.0 = Release|x64
		{C852B0D2-0CB5-4690-8B48-AA6C7EAF9DD5}.Ad-Hoc|x64.Deploy.0 = Release|x64
		{C852B0D2-0CB5-4690-8B48-AA6C7EAF9DD5}.Ad-Hoc|x86.ActiveCfg = Release|x86
		{C852B0D2-0CB5-4690-8B48-AA6C7EAF9DD5}.Ad-Hoc|x86.Build.0 = Release|x86
		{C852B0D2-0CB5-4690-8B48-AA6C7EAF9DD5}.Ad-Hoc|x86.Deploy.0 = Release|x86
		{C852B0D2-0CB5-4690-8B48-AA6C7EAF9DD5}.AppStore|Any CPU.ActiveCfg = Release|Any CPU
		{C852B0D2-0CB5-4690-8B48-AA6C7EAF9DD5}.AppStore|Any CPU.Build.0 = Release|Any CPU
		{C852B0D2-0CB5-4690-8B48-AA6C7EAF9DD5}.AppStore|Any CPU.Deploy.0 = Release|Any CPU
		{C852B0D2-0CB5-4690-8B48-AA6C7EAF9DD5}.AppStore|ARM.ActiveCfg = Release|ARM
		{C852B0D2-0CB5-4690-8B48-AA6C7EAF9DD5}.AppStore|ARM.Build.0 = Release|ARM
		{C852B0D2-0CB5-4690-8B48-AA6C7EAF9DD5}.AppStore|ARM.Deploy.0 = Release|ARM
		{C852B0D2-0CB5-4690-8B48-AA6C7EAF9DD5}.AppStore|iPhone.ActiveCfg = Release|Any CPU
		{C852B0D2-0CB5-4690-8B48-AA6C7EAF9DD5}.AppStore|iPhone.Build.0 = Release|Any CPU
		{C852B0D2-0CB5-4690-8B48-AA6C7EAF9DD5}.AppStore|iPhone.Deploy.0 = Release|Any CPU
		{C852B0D2-0CB5-4690-8B48-AA6C7EAF9DD5}.AppStore|iPhoneSimulator.ActiveCfg = Release|Any CPU
		{C852B0D2-0CB5-4690-8B48-AA6C7EAF9DD5}.AppStore|iPhoneSimulator.Build.0 = Release|Any CPU
		{C852B0D2-0CB5-4690-8B48-AA6C7EAF9DD5}.AppStore|iPhoneSimulator.Deploy.0 = Release|Any CPU
		{C852B0D2-0CB5-4690-8B48-AA6C7EAF9DD5}.AppStore|x64.ActiveCfg = Release|x64
		{C852B0D2-0CB5-4690-8B48-AA6C7EAF9DD5}.AppStore|x64.Build.0 = Release|x64
		{C852B0D2-0CB5-4690-8B48-AA6C7EAF9DD5}.AppStore|x64.Deploy.0 = Release|x64
		{C852B0D2-0CB5-4690-8B48-AA6C7EAF9DD5}.AppStore|x86.ActiveCfg = Release|x86
		{C852B0D2-0CB5-4690-8B48-AA6C7EAF9DD5}.AppStore|x86.Build.0 = Release|x86
		{C852B0D2-0CB5-4690-8B48-AA6C7EAF9DD5}.AppStore|x86.Deploy.0 = Release|x86
		{C852B0D2-0CB5-4690-8B48-AA6C7EAF9DD5}.Debug|Any CPU.ActiveCfg = Debug|Any CPU
		{C852B0D2-0CB5-4690-8B48-AA6C7EAF9DD5}.Debug|Any CPU.Build.0 = Debug|Any CPU
		{C852B0D2-0CB5-4690-8B48-AA6C7EAF9DD5}.Debug|Any CPU.Deploy.0 = Debug|Any CPU
		{C852B0D2-0CB5-4690-8B48-AA6C7EAF9DD5}.Debug|ARM.ActiveCfg = Debug|ARM
		{C852B0D2-0CB5-4690-8B48-AA6C7EAF9DD5}.Debug|ARM.Build.0 = Debug|ARM
		{C852B0D2-0CB5-4690-8B48-AA6C7EAF9DD5}.Debug|ARM.Deploy.0 = Debug|ARM
		{C852B0D2-0CB5-4690-8B48-AA6C7EAF9DD5}.Debug|iPhone.ActiveCfg = Debug|Any CPU
		{C852B0D2-0CB5-4690-8B48-AA6C7EAF9DD5}.Debug|iPhone.Build.0 = Debug|Any CPU
		{C852B0D2-0CB5-4690-8B48-AA6C7EAF9DD5}.Debug|iPhone.Deploy.0 = Debug|Any CPU
		{C852B0D2-0CB5-4690-8B48-AA6C7EAF9DD5}.Debug|iPhoneSimulator.ActiveCfg = Debug|Any CPU
		{C852B0D2-0CB5-4690-8B48-AA6C7EAF9DD5}.Debug|iPhoneSimulator.Build.0 = Debug|Any CPU
		{C852B0D2-0CB5-4690-8B48-AA6C7EAF9DD5}.Debug|iPhoneSimulator.Deploy.0 = Debug|Any CPU
		{C852B0D2-0CB5-4690-8B48-AA6C7EAF9DD5}.Debug|x64.ActiveCfg = Debug|x64
		{C852B0D2-0CB5-4690-8B48-AA6C7EAF9DD5}.Debug|x64.Build.0 = Debug|x64
		{C852B0D2-0CB5-4690-8B48-AA6C7EAF9DD5}.Debug|x64.Deploy.0 = Debug|x64
		{C852B0D2-0CB5-4690-8B48-AA6C7EAF9DD5}.Debug|x86.ActiveCfg = Debug|x86
		{C852B0D2-0CB5-4690-8B48-AA6C7EAF9DD5}.Debug|x86.Build.0 = Debug|x86
		{C852B0D2-0CB5-4690-8B48-AA6C7EAF9DD5}.Debug|x86.Deploy.0 = Debug|x86
		{C852B0D2-0CB5-4690-8B48-AA6C7EAF9DD5}.Release|Any CPU.ActiveCfg = Release|Any CPU
		{C852B0D2-0CB5-4690-8B48-AA6C7EAF9DD5}.Release|Any CPU.Build.0 = Release|Any CPU
		{C852B0D2-0CB5-4690-8B48-AA6C7EAF9DD5}.Release|Any CPU.Deploy.0 = Release|Any CPU
		{C852B0D2-0CB5-4690-8B48-AA6C7EAF9DD5}.Release|ARM.ActiveCfg = Release|ARM
		{C852B0D2-0CB5-4690-8B48-AA6C7EAF9DD5}.Release|ARM.Build.0 = Release|ARM
		{C852B0D2-0CB5-4690-8B48-AA6C7EAF9DD5}.Release|ARM.Deploy.0 = Release|ARM
		{C852B0D2-0CB5-4690-8B48-AA6C7EAF9DD5}.Release|iPhone.ActiveCfg = Release|Any CPU
		{C852B0D2-0CB5-4690-8B48-AA6C7EAF9DD5}.Release|iPhone.Build.0 = Release|Any CPU
		{C852B0D2-0CB5-4690-8B48-AA6C7EAF9DD5}.Release|iPhone.Deploy.0 = Release|Any CPU
		{C852B0D2-0CB5-4690-8B48-AA6C7EAF9DD5}.Release|iPhoneSimulator.ActiveCfg = Release|Any CPU
		{C852B0D2-0CB5-4690-8B48-AA6C7EAF9DD5}.Release|iPhoneSimulator.Build.0 = Release|Any CPU
		{C852B0D2-0CB5-4690-8B48-AA6C7EAF9DD5}.Release|iPhoneSimulator.Deploy.0 = Release|Any CPU
		{C852B0D2-0CB5-4690-8B48-AA6C7EAF9DD5}.Release|x64.ActiveCfg = Release|x64
		{C852B0D2-0CB5-4690-8B48-AA6C7EAF9DD5}.Release|x64.Build.0 = Release|x64
		{C852B0D2-0CB5-4690-8B48-AA6C7EAF9DD5}.Release|x64.Deploy.0 = Release|x64
		{C852B0D2-0CB5-4690-8B48-AA6C7EAF9DD5}.Release|x86.ActiveCfg = Release|x86
		{C852B0D2-0CB5-4690-8B48-AA6C7EAF9DD5}.Release|x86.Build.0 = Release|x86
		{C852B0D2-0CB5-4690-8B48-AA6C7EAF9DD5}.Release|x86.Deploy.0 = Release|x86
	EndGlobalSection
	GlobalSection(SolutionProperties) = preSolution
		HideSolutionNode = FALSE
	EndGlobalSection
EndGlobal
